
Microsoft Visual Studio Solution File, Format Version 12.00
# Visual Studio 2013
VisualStudioVersion = 12.0.31101.0
MinimumVisualStudioVersion = 10.0.40219.1
Project("{FAE04EC0-301F-11D3-BF4B-00C04F79EFBC}") = "RectangleIntersection", "RectangleIntersection\RectangleIntersection.csproj", "{D813DC60-FE19-44C7-BBD5-34957D7188F1}"
EndProject
Project("{FAE04EC0-301F-11D3-BF4B-00C04F79EFBC}") = "Rectanglntersection.UnitTest", "Rectanglntersection.UnitTest\Rectanglntersection.UnitTest.csproj", "{F3034013-3BFB-4166-B9C6-DCE3A447B518}"
EndProject
Global
	GlobalSection(SolutionConfigurationPlatforms) = preSolution
		Debug|Any CPU = Debug|Any CPU
		Release|Any CPU = Release|Any CPU
	EndGlobalSection
	GlobalSection(ProjectConfigurationPlatforms) = postSolution
		{D813DC60-FE19-44C7-BBD5-34957D7188F1}.Debug|Any CPU.ActiveCfg = Debug|Any CPU
		{D813DC60-FE19-44C7-BBD5-34957D7188F1}.Debug|Any CPU.Build.0 = Debug|Any CPU
		{D813DC60-FE19-44C7-BBD5-34957D7188F1}.Release|Any CPU.ActiveCfg = Release|Any CPU
		{D813DC60-FE19-44C7-BBD5-34957D7188F1}.Release|Any CPU.Build.0 = Release|Any CPU
		{F3034013-3BFB-4166-B9C6-DCE3A447B518}.Debug|Any CPU.ActiveCfg = Debug|Any CPU
		{F3034013-3BFB-4166-B9C6-DCE3A447B518}.Debug|Any CPU.Build.0 = Debug|Any CPU
		{F3034013-3BFB-4166-B9C6-DCE3A447B518}.Release|Any CPU.ActiveCfg = Release|Any CPU
		{F3034013-3BFB-4166-B9C6-DCE3A447B518}.Release|Any CPU.Build.0 = Release|Any CPU
	EndGlobalSection
	GlobalSection(SolutionProperties) = preSolution
		HideSolutionNode = FALSE
	EndGlobalSection
EndGlobal
